{
  "originHash" : "65a9b760d9e4352debbcef4b7a6af4e52f149faeada9d928f884dbc23ced9618",
  "pins" : [
    {
      "identity" : "mlange_sdk",
      "kind" : "remoteSourceControl",
      "location" : "git@github.com:zetic-ai/mlange_sdk.git",
      "state" : {
        "revision" : "4db439061c601d3ad1cf0f7365225382b936822f",
        "version" : "0.0.0-internal.035dd5a8"
      }
    }
  ],
  "version" : 3
}
